
Microsoft Visual Studio Solution File, Format Version 12.00
# Visual Studio Version 16
VisualStudioVersion = 16.0.31410.357
MinimumVisualStudioVersion = 10.0.40219.1
Project("{9A19103F-16F7-4668-BE54-9A1E7A4F7556}") = "ASP_CRUD_GitHub", "ASP_CRUD_GitHub\ASP_CRUD_GitHub.csproj", "{FABEF314-3F04-4617-AE9F-86E4D0FAB3B6}"
EndProject
Global
	GlobalSection(SolutionConfigurationPlatforms) = preSolution
		Debug|Any CPU = Debug|Any CPU
		Release|Any CPU = Release|Any CPU
	EndGlobalSection
	GlobalSection(ProjectConfigurationPlatforms) = postSolution
		{FABEF314-3F04-4617-AE9F-86E4D0FAB3B6}.Debug|Any CPU.ActiveCfg = Debug|Any CPU
		{FABEF314-3F04-4617-AE9F-86E4D0FAB3B6}.Debug|Any CPU.Build.0 = Debug|Any CPU
		{FABEF314-3F04-4617-AE9F-86E4D0FAB3B6}.Release|Any CPU.ActiveCfg = Release|Any CPU
		{FABEF314-3F04-4617-AE9F-86E4D0FAB3B6}.Release|Any CPU.Build.0 = Release|Any CPU
	EndGlobalSection
	GlobalSection(SolutionProperties) = preSolution
		HideSolutionNode = FALSE
	EndGlobalSection
	GlobalSection(ExtensibilityGlobals) = postSolution
		SolutionGuid = {15BFC179-B921-4CD5-995F-FC26E764422F}
	EndGlobalSection
EndGlobal
